github.com/aws/aws-sdk-go-v2 v1.3.1 h1:KKstwh6zsuUhQH3GvSor7M3am/+imPqydFOZHzlkTKc=
github.com/aws/aws-sdk-go-v2 v1.3.1/go.mod h1:5SmWRTjN6uTRFNCc7rR69xHsdcUJnthmaRHGDsYhpTE=
github.com/aws/aws-sdk-go-v2/config v1.1.4 h1:2hjdDldmJJjb+rFieQySfOFt4WwxKZJVTEB6RBI74T4=
github.com/aws/aws-sdk-go-v2/config v1.1.4/go.mod h1:op05ummoVoAqctpA80jVt/+hvEtLfuKmDyx0bIuvfbE=
github.com/aws/aws-sdk-go-v2/credentials v1.1.4 h1:whYYw2srG+zUQzUw4LhML83f+xd22Vm7gv0I7aJglc8=
github.com/aws/aws-sdk-go-v2/credentials v1.1.4/go.mod h1:UQwsT2w2XelrWoVV2v/zL2uce1RxmVCiHaZsoKLamZg=
github.com/aws/aws-sdk-go-v2/feature/ec2/imds v1.0.5 h1:5gCrezE41xYQHWDsDkJD9nT22tUH3s+Zrvs4c3v2FGc=
github.com/aws/aws-sdk-go-v2/feature/ec2/imds v1.0.5/go.mod h1:z/NKNlYxMzphl7TzjV+ctUebHF4CFNGGlSvmV/NKcJU=
github.com/aws/aws-sdk-go-v2/service/internal/accept-encoding v1.0.3 h1:iLFz4nrWkXMTFeVn0n99wRyc4Xib4SlDbtAM3h2z8P8=
github.com/aws/aws-sdk-go-v2/service/internal/accept-encoding v1.0.3/go.mod h1:g3Xw4tO/W+ae4EMzkxB6nGnJ48cLM4i1Z61WmD+IKtY=
github.com/aws/aws-sdk-go-v2/service/internal/presigned-url v1.0.5 h1:GbW4bbc1iED64aIL203xcGSfLzWOWuIdnKV0guMcJvg=
github.com/aws/aws-sdk-go-v2/service/internal/presigned-url v1.0.5/go.mod h1:MW0O/RpmVpS6MWKn6W03XEJmqXlG7+d3iaYLzkd2fAc=
github.com/aws/aws-sdk-go-v2/service/internal/s3shared v1.2.1 h1:wCzfVBrF1QRQFacZn1ywE/o2p92FzfpDNI2aCpIv+sY=
github.com/aws/aws-sdk-go-v2/service/internal/s3shared v1.2.1/go.mod h1:6A0VfJAnYwhcXzt7KsixOdFlITEH5NFl4QeYxlZ5TtQ=
github.com/aws/aws-sdk-go-v2/service/s3 v1.4.0 h1:045tK3IL+TxOSWWQyG199A0BYJ/Yhgk8XV9xo+nQkLQ=
github.com/aws/aws-sdk-go-v2/service/s3 v1.4.0/go.mod h1:zFD4go1gW0I/WxeGfCNSsz/BnZSJyu5arLPMPnw0gvQ=
github.com/aws/aws-sdk-go-v2/service/sso v1.1.4 h1:Tr/SsFDXWN8rntdzTNrDs/MvuBXRCjY6xvJrPFUPKRM=
github.com/aws/aws-sdk-go-v2/service/sso v1.1.4/go.mod h1:yQayEbOWH75NaKFylsFocBc3yanYEGndlOaH4i/Lvno=
github.com/aws/aws-sdk-go-v2/service/sts v1.2.1 h1:1koRvKlZMN+FhTGV5f4q6vRHXNJzeZlPKzbs1/Y32Kg=
github.com/aws/aws-sdk-go-v2/service/sts v1.2.1/go.mod h1:L1LH5nHMXxdkKj057ZUx7Wi50CCrkZ+9jkTnBnY2j/w=
github.com/aws/smithy-go v1.3.0 h1:awbB2OJBZ/Txj+c4q+qhDQs3Ob0sRhBuIIkOD4Aq8yc=
github.com/aws/smithy-go v1.3.0/go.mod h1:SObp3lf9smib00L/v3U2eAKG8FyQ7iLrJnQiAmR5n+E=
github.com/davecgh/go-spew v1.1.0/go.mod h1:J7Y8YcW2NihsgmVo/mv3lAwl/skON4iLHjSsI+c5H38=
github.com/google/go-cmp v0.5.4/go.mod h1:v8dTdLbMG2kIc/vJvl+f65V22dbkXbowE6jgT/gNBxE=
github.com/jmespath/go-jmespath v0.4.0/go.mod h1:T8mJZnbsbmF+m6zOOFylbeCJqk5+pHWvzYPziyZiYoo=
github.com/jmespath/go-jmespath/internal/testify v1.5.1/go.mod h1:L3OGu8Wl2/fWfCI6z80xFu9LTZmf1ZRjMHUOPmWr69U=
github.com/pmezard/go-difflib v1.0.0/go.mod h1:iKH77koFhYxTK1pcRnkKkqfTogsbg7gZNVY4sRDYZ/4=
github.com/stretchr/objx v0.1.0/go.mod h1:HFkY916IF+rwdDfMAkV7OtwuqBVzrE8GR6GFx+wExME=
golang.org/x/xerrors v0.0.0-20191204190536-9bdfabe68543/go.mod h1:I/5z698sn9Ka8TeJc9MKroUUfqBBauWjQqLJ2OPfmY0=
gopkg.in/check.v1 v0.0.0-20161208181325-20d25e280405/go.mod h1:Co6ibVJAznAaIkqp8huTwlJQCZ016jof/cbN4VW5Yz0=
gopkg.in/yaml.v2 v2.2.8/go.mod h1:hI93XBmqTisBFMUTm0b8Fm+jr3Dg1NNxqwp+5A1VGuI=
